
Microsoft Visual Studio Solution File, Format Version 12.00
# Visual Studio 2012
Project("{FAE04EC0-301F-11D3-BF4B-00C04F79EFBC}") = "Shopping Mall", "Shopping Mall\Shopping Mall.csproj", "{97C67DDB-9CAF-4488-BF20-BF005AABF067}"
EndProject
Global
	GlobalSection(SolutionConfigurationPlatforms) = preSolution
		Debug|Any CPU = Debug|Any CPU
		Release|Any CPU = Release|Any CPU
	EndGlobalSection
	GlobalSection(ProjectConfigurationPlatforms) = postSolution
		{97C67DDB-9CAF-4488-BF20-BF005AABF067}.Debug|Any CPU.ActiveCfg = Debug|Any CPU
		{97C67DDB-9CAF-4488-BF20-BF005AABF067}.Debug|Any CPU.Build.0 = Debug|Any CPU
		{97C67DDB-9CAF-4488-BF20-BF005AABF067}.Release|Any CPU.ActiveCfg = Release|Any CPU
		{97C67DDB-9CAF-4488-BF20-BF005AABF067}.Release|Any CPU.Build.0 = Release|Any CPU
	EndGlobalSection
	GlobalSection(SolutionProperties) = preSolution
		HideSolutionNode = FALSE
	EndGlobalSection
EndGlobal
